
Microsoft Visual Studio Solution File, Format Version 12.00
Project("{FAE04EC0-301F-11D3-BF4B-00C04F79EFBC}") = "SupportApp", "SupportApp\SupportApp.csproj", "{33DBD553-F7BC-47A3-B732-D7B3D3B06E3B}"
EndProject
Global
	GlobalSection(SolutionConfigurationPlatforms) = preSolution
		Debug|Any CPU = Debug|Any CPU
		Release|Any CPU = Release|Any CPU
	EndGlobalSection
	GlobalSection(ProjectConfigurationPlatforms) = postSolution
		{33DBD553-F7BC-47A3-B732-D7B3D3B06E3B}.Debug|Any CPU.ActiveCfg = Debug|Any CPU
		{33DBD553-F7BC-47A3-B732-D7B3D3B06E3B}.Debug|Any CPU.Build.0 = Debug|Any CPU
		{33DBD553-F7BC-47A3-B732-D7B3D3B06E3B}.Release|Any CPU.ActiveCfg = Release|Any CPU
		{33DBD553-F7BC-47A3-B732-D7B3D3B06E3B}.Release|Any CPU.Build.0 = Release|Any CPU
	EndGlobalSection
EndGlobal
